// !$*UTF8*$!
{
	archiveVersion = 1;
	classes = {
	};
	objectVersion = 56;
	objects = {

/* Begin PBXBuildFile section */
		1B96DA502BB608370007F9F1 /* AppDelegate.swift in Sources */ = {isa = PBXBuildFile; fileRef = 1B96DA4F2BB608370007F9F1 /* AppDelegate.swift */; };
		1B96DA522BB608370007F9F1 /* SceneDelegate.swift in Sources */ = {isa = PBXBuildFile; fileRef = 1B96DA512BB608370007F9F1 /* SceneDelegate.swift */; };
		1B96DA542BB608370007F9F1 /* ViewController.swift in Sources */ = {isa = PBXBuildFile; fileRef = 1B96DA532BB608370007F9F1 /* ViewController.swift */; };
		1B96DA572BB608370007F9F1 /* Main.storyboard in Resources */ = {isa = PBXBuildFile; fileRef = 1B96DA552BB608370007F9F1 /* Main.storyboard */; };
		1B96DA592BB608380007F9F1 /* Assets.xcassets in Resources */ = {isa = PBXBuildFile; fileRef = 1B96DA582BB608380007F9F1 /* Assets.xcassets */; };
		1B96DA5C2BB608380007F9F1 /* LaunchScreen.storyboard in Resources */ = {isa = PBXBuildFile; fileRef = 1B96DA5A2BB608380007F9F1 /* LaunchScreen.storyboard */; };
		1B96DA802BB609610007F9F1 /* spain@2x.png in Resources */ = {isa = PBXBuildFile; fileRef = 1B96DA682BB609610007F9F1 /* spain@2x.png */; };
		1B96DA812BB609610007F9F1 /* nigeria@2x.png in Resources */ = {isa = PBXBuildFile; fileRef = 1B96DA692BB609610007F9F1 /* nigeria@2x.png */; };
		1B96DA822BB609610007F9F1 /* nigeria@3x.png in Resources */ = {isa = PBXBuildFile; fileRef = 1B96DA6A2BB609610007F9F1 /* nigeria@3x.png */; };
		1B96DA832BB609610007F9F1 /* spain@3x.png in Resources */ = {isa = PBXBuildFile; fileRef = 1B96DA6B2BB609610007F9F1 /* spain@3x.png */; };
		1B96DA842BB609610007F9F1 /* italy@3x.png in Resources */ = {isa = PBXBuildFile; fileRef = 1B96DA6C2BB609610007F9F1 /* italy@3x.png */; };
		1B96DA852BB609610007F9F1 /* ireland@2x.png in Resources */ = {isa = PBXBuildFile; fileRef = 1B96DA6D2BB609610007F9F1 /* ireland@2x.png */; };
		1B96DA862BB609610007F9F1 /* germany@3x.png in Resources */ = {isa = PBXBuildFile; fileRef = 1B96DA6E2BB609610007F9F1 /* germany@3x.png */; };
		1B96DA872BB609610007F9F1 /* germany@2x.png in Resources */ = {isa = PBXBuildFile; fileRef = 1B96DA6F2BB609610007F9F1 /* germany@2x.png */; };
		1B96DA882BB609610007F9F1 /* ireland@3x.png in Resources */ = {isa = PBXBuildFile; fileRef = 1B96DA702BB609610007F9F1 /* ireland@3x.png */; };
		1B96DA892BB609610007F9F1 /* italy@2x.png in Resources */ = {isa = PBXBuildFile; fileRef = 1B96DA712BB609610007F9F1 /* italy@2x.png */; };
		1B96DA8A2BB609610007F9F1 /* poland@2x.png in Resources */ = {isa = PBXBuildFile; fileRef = 1B96DA722BB609610007F9F1 /* poland@2x.png */; };
		1B96DA8B2BB609610007F9F1 /* russia@2x.png in Resources */ = {isa = PBXBuildFile; fileRef = 1B96DA732BB609610007F9F1 /* russia@2x.png */; };
		1B96DA8C2BB609610007F9F1 /* estonia@2x.png in Resources */ = {isa = PBXBuildFile; fileRef = 1B96DA742BB609610007F9F1 /* estonia@2x.png */; };
		1B96DA8D2BB609610007F9F1 /* estonia@3x.png in Resources */ = {isa = PBXBuildFile; fileRef = 1B96DA752BB609610007F9F1 /* estonia@3x.png */; };
		1B96DA8E2BB609610007F9F1 /* russia@3x.png in Resources */ = {isa = PBXBuildFile; fileRef = 1B96DA762BB609610007F9F1 /* russia@3x.png */; };
		1B96DA8F2BB609610007F9F1 /* poland@3x.png in Resources */ = {isa = PBXBuildFile; fileRef = 1B96DA772BB609610007F9F1 /* poland@3x.png */; };
		1B96DA902BB609610007F9F1 /* uk@3x.png in Resources */ = {isa = PBXBuildFile; fileRef = 1B96DA782BB609610007F9F1 /* uk@3x.png */; };
		1B96DA912BB609610007F9F1 /* us@3x.png in Resources */ = {isa = PBXBuildFile; fileRef = 1B96DA792BB609610007F9F1 /* us@3x.png */; };
		1B96DA922BB609610007F9F1 /* france@3x.png in Resources */ = {isa = PBXBuildFile; fileRef = 1B96DA7A2BB609610007F9F1 /* france@3x.png */; };
		1B96DA932BB609610007F9F1 /* monaco@2x.png in Resources */ = {isa = PBXBuildFile; fileRef = 1B96DA7B2BB609610007F9F1 /* monaco@2x.png */; };
		1B96DA942BB609610007F9F1 /* monaco@3x.png in Resources */ = {isa = PBXBuildFile; fileRef = 1B96DA7C2BB609610007F9F1 /* monaco@3x.png */; };
		1B96DA952BB609610007F9F1 /* france@2x.png in Resources */ = {isa = PBXBuildFile; fileRef = 1B96DA7D2BB609610007F9F1 /* france@2x.png */; };
		1B96DA962BB609610007F9F1 /* us@2x.png in Resources */ = {isa = PBXBuildFile; fileRef = 1B96DA7E2BB609610007F9F1 /* us@2x.png */; };
		1B96DA972BB609610007F9F1 /* uk@2x.png in Resources */ = {isa = PBXBuildFile; fileRef = 1B96DA7F2BB609610007F9F1 /* uk@2x.png */; };
		1B96DA992BB60F880007F9F1 /* DetailViewController.swift in Sources */ = {isa = PBXBuildFile; fileRef = 1B96DA982BB60F880007F9F1 /* DetailViewController.swift */; };
/* End PBXBuildFile section */

/* Begin PBXFileReference section */
		1B96DA4C2BB608370007F9F1 /* MilestoneProject(Day23).app */ = {isa = PBXFileReference; explicitFileType = wrapper.application; includeInIndex = 0; path = "MilestoneProject(Day23).app"; sourceTree = BUILT_PRODUCTS_DIR; };
		1B96DA4F2BB608370007F9F1 /* AppDelegate.swift */ = {isa = PBXFileReference; lastKnownFileType = sourcecode.swift; path = AppDelegate.swift; sourceTree = "<group>"; };
		1B96DA512BB608370007F9F1 /* SceneDelegate.swift */ = {isa = PBXFileReference; lastKnownFileType = sourcecode.swift; path = SceneDelegate.swift; sourceTree = "<group>"; };
		1B96DA532BB608370007F9F1 /* ViewController.swift */ = {isa = PBXFileReference; lastKnownFileType = sourcecode.swift; path = ViewController.swift; sourceTree = "<group>"; };
		1B96DA562BB608370007F9F1 /* Base */ = {isa = PBXFileReference; lastKnownFileType = file.storyboard; name = Base; path = Base.lproj/Main.storyboard; sourceTree = "<group>"; };
		1B96DA582BB608380007F9F1 /* Assets.xcassets */ = {isa = PBXFileReference; lastKnownFileType = folder.assetcatalog; path = Assets.xcassets; sourceTree = "<group>"; };
		1B96DA5B2BB608380007F9F1 /* Base */ = {isa = PBXFileReference; lastKnownFileType = file.storyboard; name = Base; path = Base.lproj/LaunchScreen.storyboard; sourceTree = "<group>"; };
		1B96DA5D2BB608380007F9F1 /* Info.plist */ = {isa = PBXFileReference; lastKnownFileType = text.plist.xml; path = Info.plist; sourceTree = "<group>"; };
		1B96DA682BB609610007F9F1 /* spain@2x.png */ = {isa = PBXFileReference; lastKnownFileType = image.png; path = "spain@2x.png"; sourceTree = "<group>"; };
		1B96DA692BB609610007F9F1 /* nigeria@2x.png */ = {isa = PBXFileReference; lastKnownFileType = image.png; path = "nigeria@2x.png"; sourceTree = "<group>"; };
		1B96DA6A2BB609610007F9F1 /* nigeria@3x.png */ = {isa = PBXFileReference; lastKnownFileType = image.png; path = "nigeria@3x.png"; sourceTree = "<group>"; };
		1B96DA6B2BB609610007F9F1 /* spain@3x.png */ = {isa = PBXFileReference; lastKnownFileType = image.png; path = "spain@3x.png"; sourceTree = "<group>"; };
		1B96DA6C2BB609610007F9F1 /* italy@3x.png */ = {isa = PBXFileReference; lastKnownFileType = image.png; path = "italy@3x.png"; sourceTree = "<group>"; };
		1B96DA6D2BB609610007F9F1 /* ireland@2x.png */ = {isa = PBXFileReference; lastKnownFileType = image.png; path = "ireland@2x.png"; sourceTree = "<group>"; };
		1B96DA6E2BB609610007F9F1 /* germany@3x.png */ = {isa = PBXFileReference; lastKnownFileType = image.png; path = "germany@3x.png"; sourceTree = "<group>"; };
		1B96DA6F2BB609610007F9F1 /* germany@2x.png */ = {isa = PBXFileReference; lastKnownFileType = image.png; path = "germany@2x.png"; sourceTree = "<group>"; };
		1B96DA702BB609610007F9F1 /* ireland@3x.png */ = {isa = PBXFileReference; lastKnownFileType = image.png; path = "ireland@3x.png"; sourceTree = "<group>"; };
		1B96DA712BB609610007F9F1 /* italy@2x.png */ = {isa = PBXFileReference; lastKnownFileType = image.png; path = "italy@2x.png"; sourceTree = "<group>"; };
		1B96DA722BB609610007F9F1 /* poland@2x.png */ = {isa = PBXFileReference; lastKnownFileType = image.png; path = "poland@2x.png"; sourceTree = "<group>"; };
		1B96DA732BB609610007F9F1 /* russia@2x.png */ = {isa = PBXFileReference; lastKnownFileType = image.png; path = "russia@2x.png"; sourceTree = "<group>"; };
		1B96DA742BB609610007F9F1 /* estonia@2x.png */ = {isa = PBXFileReference; lastKnownFileType = image.png; path = "estonia@2x.png"; sourceTree = "<group>"; };
		1B96DA752BB609610007F9F1 /* estonia@3x.png */ = {isa = PBXFileReference; lastKnownFileType = image.png; path = "estonia@3x.png"; sourceTree = "<group>"; };
		1B96DA762BB609610007F9F1 /* russia@3x.png */ = {isa = PBXFileReference; lastKnownFileType = image.png; path = "russia@3x.png"; sourceTree = "<group>"; };
		1B96DA772BB609610007F9F1 /* poland@3x.png */ = {isa = PBXFileReference; lastKnownFileType = image.png; path = "poland@3x.png"; sourceTree = "<group>"; };
		1B96DA782BB609610007F9F1 /* uk@3x.png */ = {isa = PBXFileReference; lastKnownFileType = image.png; path = "uk@3x.png"; sourceTree = "<group>"; };
		1B96DA792BB609610007F9F1 /* us@3x.png */ = {isa = PBXFileReference; lastKnownFileType = image.png; path = "us@3x.png"; sourceTree = "<group>"; };
		1B96DA7A2BB609610007F9F1 /* france@3x.png */ = {isa = PBXFileReference; lastKnownFileType = image.png; path = "france@3x.png"; sourceTree = "<group>"; };
		1B96DA7B2BB609610007F9F1 /* monaco@2x.png */ = {isa = PBXFileReference; lastKnownFileType = image.png; path = "monaco@2x.png"; sourceTree = "<group>"; };
		1B96DA7C2BB609610007F9F1 /* monaco@3x.png */ = {isa = PBXFileReference; lastKnownFileType = image.png; path = "monaco@3x.png"; sourceTree = "<group>"; };
		1B96DA7D2BB609610007F9F1 /* france@2x.png */ = {isa = PBXFileReference; lastKnownFileType = image.png; path = "france@2x.png"; sourceTree = "<group>"; };
		1B96DA7E2BB609610007F9F1 /* us@2x.png */ = {isa = PBXFileReference; lastKnownFileType = image.png; path = "us@2x.png"; sourceTree = "<group>"; };
		1B96DA7F2BB609610007F9F1 /* uk@2x.png */ = {isa = PBXFileReference; lastKnownFileType = image.png; path = "uk@2x.png"; sourceTree = "<group>"; };
		1B96DA982BB60F880007F9F1 /* DetailViewController.swift */ = {isa = PBXFileReference; lastKnownFileType = sourcecode.swift; path = DetailViewController.swift; sourceTree = "<group>"; };
/* End PBXFileReference section */

/* Begin PBXFrameworksBuildPhase section */
		1B96DA492BB608370007F9F1 /* Frameworks */ = {
			isa = PBXFrameworksBuildPhase;
			buildActionMask = 2147483647;
			files = (
			);
			runOnlyForDeploymentPostprocessing = 0;
		};
/* End PBXFrameworksBuildPhase section */

/* Begin PBXGroup section */
		1B96DA432BB608370007F9F1 = {
			isa = PBXGroup;
			children = (
				1B96DA982BB60F880007F9F1 /* DetailViewController.swift */,
				1B96DA4E2BB608370007F9F1 /* MilestoneProject(Day23) */,
				1B96DA4D2BB608370007F9F1 /* Products */,
			);
			sourceTree = "<group>";
		};
		1B96DA4D2BB608370007F9F1 /* Products */ = {
			isa = PBXGroup;
			children = (
				1B96DA4C2BB608370007F9F1 /* MilestoneProject(Day23).app */,
			);
			name = Products;
			sourceTree = "<group>";
		};
		1B96DA4E2BB608370007F9F1 /* MilestoneProject(Day23) */ = {
			isa = PBXGroup;
			children = (
				1B96DA4F2BB608370007F9F1 /* AppDelegate.swift */,
				1B96DA512BB608370007F9F1 /* SceneDelegate.swift */,
				1B96DA532BB608370007F9F1 /* ViewController.swift */,
				1B96DA552BB608370007F9F1 /* Main.storyboard */,
				1B96DA582BB608380007F9F1 /* Assets.xcassets */,
				1B96DA5A2BB608380007F9F1 /* LaunchScreen.storyboard */,
				1B96DA5D2BB608380007F9F1 /* Info.plist */,
				1B96DA672BB609610007F9F1 /* project2-files */,
			);
			path = "MilestoneProject(Day23)";
			sourceTree = "<group>";
		};
		1B96DA672BB609610007F9F1 /* project2-files */ = {
			isa = PBXGroup;
			children = (
				1B96DA682BB609610007F9F1 /* spain@2x.png */,
				1B96DA692BB609610007F9F1 /* nigeria@2x.png */,
				1B96DA6A2BB609610007F9F1 /* nigeria@3x.png */,
				1B96DA6B2BB609610007F9F1 /* spain@3x.png */,
				1B96DA6C2BB609610007F9F1 /* italy@3x.png */,
				1B96DA6D2BB609610007F9F1 /* ireland@2x.png */,
				1B96DA6E2BB609610007F9F1 /* germany@3x.png */,
				1B96DA6F2BB609610007F9F1 /* germany@2x.png */,
				1B96DA702BB609610007F9F1 /* ireland@3x.png */,
				1B96DA712BB609610007F9F1 /* italy@2x.png */,
				1B96DA722BB609610007F9F1 /* poland@2x.png */,
				1B96DA732BB609610007F9F1 /* russia@2x.png */,
				1B96DA742BB609610007F9F1 /* estonia@2x.png */,
				1B96DA752BB609610007F9F1 /* estonia@3x.png */,
				1B96DA762BB609610007F9F1 /* russia@3x.png */,
				1B96DA772BB609610007F9F1 /* poland@3x.png */,
				1B96DA782BB609610007F9F1 /* uk@3x.png */,
				1B96DA792BB609610007F9F1 /* us@3x.png */,
				1B96DA7A2BB609610007F9F1 /* france@3x.png */,
				1B96DA7B2BB609610007F9F1 /* monaco@2x.png */,
				1B96DA7C2BB609610007F9F1 /* monaco@3x.png */,
				1B96DA7D2BB609610007F9F1 /* france@2x.png */,
				1B96DA7E2BB609610007F9F1 /* us@2x.png */,
				1B96DA7F2BB609610007F9F1 /* uk@2x.png */,
			);
			path = "project2-files";
			sourceTree = "<group>";
		};
/* End PBXGroup section */

/* Begin PBXNativeTarget section */
		1B96DA4B2BB608370007F9F1 /* MilestoneProject(Day23) */ = {
			isa = PBXNativeTarget;
			buildConfigurationList = 1B96DA602BB608380007F9F1 /* Build configuration list for PBXNativeTarget "MilestoneProject(Day23)" */;
			buildPhases = (
				1B96DA482BB608370007F9F1 /* Sources */,
				1B96DA492BB608370007F9F1 /* Frameworks */,
				1B96DA4A2BB608370007F9F1 /* Resources */,
			);
			buildRules = (
			);
			dependencies = (
			);
			name = "MilestoneProject(Day23)";
			productName = "MilestoneProject(Day23)";
			productReference = 1B96DA4C2BB608370007F9F1 /* MilestoneProject(Day23).app */;
			productType = "com.apple.product-type.application";
		};
/* End PBXNativeTarget section */

/* Begin PBXProject section */
		1B96DA442BB608370007F9F1 /* Project object */ = {
			isa = PBXProject;
			attributes = {
				BuildIndependentTargetsInParallel = 1;
				LastSwiftUpdateCheck = 1500;
				LastUpgradeCheck = 1500;
				TargetAttributes = {
					1B96DA4B2BB608370007F9F1 = {
						CreatedOnToolsVersion = 15.0.1;
					};
				};
			};
			buildConfigurationList = 1B96DA472BB608370007F9F1 /* Build configuration list for PBXProject "MilestoneProject(Day23)" */;
			compatibilityVersion = "Xcode 14.0";
			developmentRegion = en;
			hasScannedForEncodings = 0;
			knownRegions = (
				en,
				Base,
			);
			mainGroup = 1B96DA432BB608370007F9F1;
			productRefGroup = 1B96DA4D2BB608370007F9F1 /* Products */;
			projectDirPath = "";
			projectRoot = "";
			targets = (
				1B96DA4B2BB608370007F9F1 /* MilestoneProject(Day23) */,
			);
		};
/* End PBXProject section */

/* Begin PBXResourcesBuildPhase section */
		1B96DA4A2BB608370007F9F1 /* Resources */ = {
			isa = PBXResourcesBuildPhase;
			buildActionMask = 2147483647;
			files = (
				1B96DA942BB609610007F9F1 /* monaco@3x.png in Resources */,
				1B96DA812BB609610007F9F1 /* nigeria@2x.png in Resources */,
				1B96DA962BB609610007F9F1 /* us@2x.png in Resources */,
				1B96DA822BB609610007F9F1 /* nigeria@3x.png in Resources */,
				1B96DA8F2BB609610007F9F1 /* poland@3x.png in Resources */,
				1B96DA902BB609610007F9F1 /* uk@3x.png in Resources */,
				1B96DA952BB609610007F9F1 /* france@2x.png in Resources */,
				1B96DA892BB609610007F9F1 /* italy@2x.png in Resources */,
				1B96DA802BB609610007F9F1 /* spain@2x.png in Resources */,
				1B96DA862BB609610007F9F1 /* germany@3x.png in Resources */,
				1B96DA5C2BB608380007F9F1 /* LaunchScreen.storyboard in Resources */,
				1B96DA8A2BB609610007F9F1 /* poland@2x.png in Resources */,
				1B96DA592BB608380007F9F1 /* Assets.xcassets in Resources */,
				1B96DA842BB609610007F9F1 /* italy@3x.png in Resources */,
				1B96DA8D2BB609610007F9F1 /* estonia@3x.png in Resources */,
				1B96DA932BB609610007F9F1 /* monaco@2x.png in Resources */,
				1B96DA572BB608370007F9F1 /* Main.storyboard in Resources */,
				1B96DA852BB609610007F9F1 /* ireland@2x.png in Resources */,
				1B96DA872BB609610007F9F1 /* germany@2x.png in Resources */,
				1B96DA912BB609610007F9F1 /* us@3x.png in Resources */,
				1B96DA832BB609610007F9F1 /* spain@3x.png in Resources */,
				1B96DA8B2BB609610007F9F1 /* russia@2x.png in Resources */,
				1B96DA8C2BB609610007F9F1 /* estonia@2x.png in Resources */,
				1B96DA8E2BB609610007F9F1 /* russia@3x.png in Resources */,
				1B96DA972BB609610007F9F1 /* uk@2x.png in Resources */,
				1B96DA922BB609610007F9F1 /* france@3x.png in Resources */,
				1B96DA882BB609610007F9F1 /* ireland@3x.png in Resources */,
			);
			runOnlyForDeploymentPostprocessing = 0;
		};
/* End PBXResourcesBuildPhase section */

/* Begin PBXSourcesBuildPhase section */
		1B96DA482BB608370007F9F1 /* Sources */ = {
			isa = PBXSourcesBuildPhase;
			buildActionMask = 2147483647;
			files = (
				1B96DA542BB608370007F9F1 /* ViewController.swift in Sources */,
				1B96DA502BB608370007F9F1 /* AppDelegate.swift in Sources */,
				1B96DA522BB608370007F9F1 /* SceneDelegate.swift in Sources */,
				1B96DA992BB60F880007F9F1 /* DetailViewController.swift in Sources */,
			);
			runOnlyForDeploymentPostprocessing = 0;
		};
/* End PBXSourcesBuildPhase section */

/* Begin PBXVariantGroup section */
		1B96DA552BB608370007F9F1 /* Main.storyboard */ = {
			isa = PBXVariantGroup;
			children = (
				1B96DA562BB608370007F9F1 /* Base */,
			);
			name = Main.storyboard;
			sourceTree = "<group>";
		};
		1B96DA5A2BB608380007F9F1 /* LaunchScreen.storyboard */ = {
			isa = PBXVariantGroup;
			children = (
				1B96DA5B2BB608380007F9F1 /* Base */,
			);
			name = LaunchScreen.storyboard;
			sourceTree = "<group>";
		};
/* End PBXVariantGroup section */

/* Begin XCBuildConfiguration section */
		1B96DA5E2BB608380007F9F1 /* Debug */ = {
			isa = XCBuildConfiguration;
			buildSettings = {
				ALWAYS_SEARCH_USER_PATHS = NO;
				ASSETCATALOG_COMPILER_GENERATE_SWIFT_ASSET_SYMBOL_EXTENSIONS = YES;
				CLANG_ANALYZER_NONNULL = YES;
				CLANG_ANALYZER_NUMBER_OBJECT_CONVERSION = YES_AGGRESSIVE;
				CLANG_CXX_LANGUAGE_STANDARD = "gnu++20";
				CLANG_ENABLE_MODULES = YES;
				CLANG_ENABLE_OBJC_ARC = YES;
				CLANG_ENABLE_OBJC_WEAK = YES;
				CLANG_WARN_BLOCK_CAPTURE_AUTORELEASING = YES;
				CLANG_WARN_BOOL_CONVERSION = YES;
				CLANG_WARN_COMMA = YES;
				CLANG_WARN_CONSTANT_CONVERSION = YES;
				CLANG_WARN_DEPRECATED_OBJC_IMPLEMENTATIONS = YES;
				CLANG_WARN_DIRECT_OBJC_ISA_USAGE = YES_ERROR;
				CLANG_WARN_DOCUMENTATION_COMMENTS = YES;
				CLANG_WARN_EMPTY_BODY = YES;
				CLANG_WARN_ENUM_CONVERSION = YES;
				CLANG_WARN_INFINITE_RECURSION = YES;
				CLANG_WARN_INT_CONVERSION = YES;
				CLANG_WARN_NON_LITERAL_NULL_CONVERSION = YES;
				CLANG_WARN_OBJC_IMPLICIT_RETAIN_SELF = YES;
				CLANG_WARN_OBJC_LITERAL_CONVERSION = YES;
				CLANG_WARN_OBJC_ROOT_CLASS = YES_ERROR;
				CLANG_WARN_QUOTED_INCLUDE_IN_FRAMEWORK_HEADER = YES;
				CLANG_WARN_RANGE_LOOP_ANALYSIS = YES;
				CLANG_WARN_STRICT_PROTOTYPES = YES;
				CLANG_WARN_SUSPICIOUS_MOVE = YES;
				CLANG_WARN_UNGUARDED_AVAILABILITY = YES_AGGRESSIVE;
				CLANG_WARN_UNREACHABLE_CODE = YES;
				CLANG_WARN__DUPLICATE_METHOD_MATCH = YES;
				COPY_PHASE_STRIP = NO;
				DEBUG_INFORMATION_FORMAT = dwarf;
				ENABLE_STRICT_OBJC_MSGSEND = YES;
				ENABLE_TESTABILITY = YES;
				ENABLE_USER_SCRIPT_SANDBOXING = YES;
				GCC_C_LANGUAGE_STANDARD = gnu17;
				GCC_DYNAMIC_NO_PIC = NO;
				GCC_NO_COMMON_BLOCKS = YES;
				GCC_OPTIMIZATION_LEVEL = 0;
				GCC_PREPROCESSOR_DEFINITIONS = (
					"DEBUG=1",
					"$(inherited)",
				);
				GCC_WARN_64_TO_32_BIT_CONVERSION = YES;
				GCC_WARN_ABOUT_RETURN_TYPE = YES_ERROR;
				GCC_WARN_UNDECLARED_SELECTOR = YES;
				GCC_WARN_UNINITIALIZED_AUTOS = YES_AGGRESSIVE;
				GCC_WARN_UNUSED_FUNCTION = YES;
				GCC_WARN_UNUSED_VARIABLE = YES;
				IPHONEOS_DEPLOYMENT_TARGET = 17.0;
				LOCALIZATION_PREFERS_STRING_CATALOGS = YES;
				MTL_ENABLE_DEBUG_INFO = INCLUDE_SOURCE;
				MTL_FAST_MATH = YES;
				ONLY_ACTIVE_ARCH = YES;
				SDKROOT = iphoneos;
				SWIFT_ACTIVE_COMPILATION_CONDITIONS = "DEBUG $(inherited)";
				SWIFT_OPTIMIZATION_LEVEL = "-Onone";
			};
			name = Debug;
		};
		1B96DA5F2BB608380007F9F1 /* Release */ = {
			isa = XCBuildConfiguration;
			buildSettings = {
				ALWAYS_SEARCH_USER_PATHS = NO;
				ASSETCATALOG_COMPILER_GENERATE_SWIFT_ASSET_SYMBOL_EXTENSIONS = YES;
				CLANG_ANALYZER_NONNULL = YES;
				CLANG_ANALYZER_NUMBER_OBJECT_CONVERSION = YES_AGGRESSIVE;
				CLANG_CXX_LANGUAGE_STANDARD = "gnu++20";
				CLANG_ENABLE_MODULES = YES;
				CLANG_ENABLE_OBJC_ARC = YES;
				CLANG_ENABLE_OBJC_WEAK = YES;
				CLANG_WARN_BLOCK_CAPTURE_AUTORELEASING = YES;
				CLANG_WARN_BOOL_CONVERSION = YES;
				CLANG_WARN_COMMA = YES;
				CLANG_WARN_CONSTANT_CONVERSION = YES;
				CLANG_WARN_DEPRECATED_OBJC_IMPLEMENTATIONS = YES;
				CLANG_WARN_DIRECT_OBJC_ISA_USAGE = YES_ERROR;
				CLANG_WARN_DOCUMENTATION_COMMENTS = YES;
				CLANG_WARN_EMPTY_BODY = YES;
				CLANG_WARN_ENUM_CONVERSION = YES;
				CLANG_WARN_INFINITE_RECURSION = YES;
				CLANG_WARN_INT_CONVERSION = YES;
				CLANG_WARN_NON_LITERAL_NULL_CONVERSION = YES;
				CLANG_WARN_OBJC_IMPLICIT_RETAIN_SELF = YES;
				CLANG_WARN_OBJC_LITERAL_CONVERSION = YES;
				CLANG_WARN_OBJC_ROOT_CLASS = YES_ERROR;
				CLANG_WARN_QUOTED_INCLUDE_IN_FRAMEWORK_HEADER = YES;
				CLANG_WARN_RANGE_LOOP_ANALYSIS = YES;
				CLANG_WARN_STRICT_PROTOTYPES = YES;
				CLANG_WARN_SUSPICIOUS_MOVE = YES;
				CLANG_WARN_UNGUARDED_AVAILABILITY = YES_AGGRESSIVE;
				CLANG_WARN_UNREACHABLE_CODE = YES;
				CLANG_WARN__DUPLICATE_METHOD_MATCH = YES;
				COPY_PHASE_STRIP = NO;
				DEBUG_INFORMATION_FORMAT = "dwarf-with-dsym";
				ENABLE_NS_ASSERTIONS = NO;
				ENABLE_STRICT_OBJC_MSGSEND = YES;
				ENABLE_USER_SCRIPT_SANDBOXING = YES;
				GCC_C_LANGUAGE_STANDARD = gnu17;
				GCC_NO_COMMON_BLOCKS = YES;
				GCC_WARN_64_TO_32_BIT_CONVERSION = YES;
				GCC_WARN_ABOUT_RETURN_TYPE = YES_ERROR;
				GCC_WARN_UNDECLARED_SELECTOR = YES;
				GCC_WARN_UNINITIALIZED_AUTOS = YES_AGGRESSIVE;
				GCC_WARN_UNUSED_FUNCTION = YES;
				GCC_WARN_UNUSED_VARIABLE = YES;
				IPHONEOS_DEPLOYMENT_TARGET = 17.0;
				LOCALIZATION_PREFERS_STRING_CATALOGS = YES;
				MTL_ENABLE_DEBUG_INFO = NO;
				MTL_FAST_MATH = YES;
				SDKROOT = iphoneos;
				SWIFT_COMPILATION_MODE = wholemodule;
				VALIDATE_PRODUCT = YES;
			};
			name = Release;
		};
		1B96DA612BB608380007F9F1 /* Debug */ = {
			isa = XCBuildConfiguration;
			buildSettings = {
				ASSETCATALOG_COMPILER_APPICON_NAME = AppIcon;
				ASSETCATALOG_COMPILER_GLOBAL_ACCENT_COLOR_NAME = AccentColor;
				CODE_SIGN_STYLE = Automatic;
				CURRENT_PROJECT_VERSION = 1;
				GENERATE_INFOPLIST_FILE = YES;
				INFOPLIST_FILE = "MilestoneProject(Day23)/Info.plist";
				INFOPLIST_KEY_UIApplicationSupportsIndirectInputEvents = YES;
				INFOPLIST_KEY_UILaunchStoryboardName = LaunchScreen;
				INFOPLIST_KEY_UIMainStoryboardFile = Main;
				INFOPLIST_KEY_UISupportedInterfaceOrientations_iPad = "UIInterfaceOrientationPortrait UIInterfaceOrientationPortraitUpsideDown UIInterfaceOrientationLandscapeLeft UIInterfaceOrientationLandscapeRight";
				INFOPLIST_KEY_UISupportedInterfaceOrientations_iPhone = "UIInterfaceOrientationPortrait UIInterfaceOrientationLandscapeLeft UIInterfaceOrientationLandscapeRight";
				LD_RUNPATH_SEARCH_PATHS = (
					"$(inherited)",
					"@executable_path/Frameworks",
				);
				MARKETING_VERSION = 1.0;
				PRODUCT_BUNDLE_IDENTIFIER = "-00-Days-of-Swift.MilestoneProject-Day23-";
				PRODUCT_NAME = "$(TARGET_NAME)";
				SWIFT_EMIT_LOC_STRINGS = YES;
				SWIFT_VERSION = 5.0;
				TARGETED_DEVICE_FAMILY = "1,2";
			};
			name = Debug;
		};
		1B96DA622BB608380007F9F1 /* Release */ = {
			isa = XCBuildConfiguration;
			buildSettings = {
				ASSETCATALOG_COMPILER_APPICON_NAME = AppIcon;
				ASSETCATALOG_COMPILER_GLOBAL_ACCENT_COLOR_NAME = AccentColor;
				CODE_SIGN_STYLE = Automatic;
				CURRENT_PROJECT_VERSION = 1;
				GENERATE_INFOPLIST_FILE = YES;
				INFOPLIST_FILE = "MilestoneProject(Day23)/Info.plist";
				INFOPLIST_KEY_UIApplicationSupportsIndirectInputEvents = YES;
				INFOPLIST_KEY_UILaunchStoryboardName = LaunchScreen;
				INFOPLIST_KEY_UIMainStoryboardFile = Main;
				INFOPLIST_KEY_UISupportedInterfaceOrientations_iPad = "UIInterfaceOrientationPortrait UIInterfaceOrientationPortraitUpsideDown UIInterfaceOrientationLandscapeLeft UIInterfaceOrientationLandscapeRight";
				INFOPLIST_KEY_UISupportedInterfaceOrientations_iPhone = "UIInterfaceOrientationPortrait UIInterfaceOrientationLandscapeLeft UIInterfaceOrientationLandscapeRight";
				LD_RUNPATH_SEARCH_PATHS = (
					"$(inherited)",
					"@executable_path/Frameworks",
				);
				MARKETING_VERSION = 1.0;
				PRODUCT_BUNDLE_IDENTIFIER = "-00-Days-of-Swift.MilestoneProject-Day23-";
				PRODUCT_NAME = "$(TARGET_NAME)";
				SWIFT_EMIT_LOC_STRINGS = YES;
				SWIFT_VERSION = 5.0;
				TARGETED_DEVICE_FAMILY = "1,2";
			};
			name = Release;
		};
/* End XCBuildConfiguration section */

/* Begin XCConfigurationList section */
		1B96DA472BB608370007F9F1 /* Build configuration list for PBXProject "MilestoneProject(Day23)" */ = {
			isa = XCConfigurationList;
			buildConfigurations = (
				1B96DA5E2BB608380007F9F1 /* Debug */,
				1B96DA5F2BB608380007F9F1 /* Release */,
			);
			defaultConfigurationIsVisible = 0;
			defaultConfigurationName = Release;
		};
		1B96DA602BB608380007F9F1 /* Build configuration list for PBXNativeTarget "MilestoneProject(Day23)" */ = {
			isa = XCConfigurationList;
			buildConfigurations = (
				1B96DA612BB608380007F9F1 /* Debug */,
				1B96DA622BB608380007F9F1 /* Release */,
			);
			defaultConfigurationIsVisible = 0;
			defaultConfigurationName = Release;
		};
/* End XCConfigurationList section */
	};
	rootObject = 1B96DA442BB608370007F9F1 /* Project object */;
}
