// !$*UTF8*$!
{
	archiveVersion = 1;
	classes = {
	};
	objectVersion = 56;
	objects = {

/* Begin PBXBuildFile section */
		1B18B8CC2BED5BD10056EC58 /* AppDelegate.swift in Sources */ = {isa = PBXBuildFile; fileRef = 1B18B8CB2BED5BD10056EC58 /* AppDelegate.swift */; };
		1B18B8CE2BED5BD10056EC58 /* GameScene.sks in Resources */ = {isa = PBXBuildFile; fileRef = 1B18B8CD2BED5BD10056EC58 /* GameScene.sks */; };
		1B18B8D22BED5BD10056EC58 /* GameScene.swift in Sources */ = {isa = PBXBuildFile; fileRef = 1B18B8D12BED5BD10056EC58 /* GameScene.swift */; };
		1B18B8D42BED5BD10056EC58 /* GameViewController.swift in Sources */ = {isa = PBXBuildFile; fileRef = 1B18B8D32BED5BD10056EC58 /* GameViewController.swift */; };
		1B18B8D72BED5BD10056EC58 /* Main.storyboard in Resources */ = {isa = PBXBuildFile; fileRef = 1B18B8D52BED5BD10056EC58 /* Main.storyboard */; };
		1B18B8D92BED5BD20056EC58 /* Assets.xcassets in Resources */ = {isa = PBXBuildFile; fileRef = 1B18B8D82BED5BD20056EC58 /* Assets.xcassets */; };
		1B18B8DC2BED5BD20056EC58 /* LaunchScreen.storyboard in Resources */ = {isa = PBXBuildFile; fileRef = 1B18B8DA2BED5BD20056EC58 /* LaunchScreen.storyboard */; };
		1B18B8E32BED5CB60056EC58 /* shot.wav in Resources */ = {isa = PBXBuildFile; fileRef = 1B18B8E22BED5CB60056EC58 /* shot.wav */; };
		1B18B8E52BED5CC40056EC58 /* empty.wav in Resources */ = {isa = PBXBuildFile; fileRef = 1B18B8E42BED5CC40056EC58 /* empty.wav */; };
		1B18B8E72BED5CC90056EC58 /* reload.wav in Resources */ = {isa = PBXBuildFile; fileRef = 1B18B8E62BED5CC90056EC58 /* reload.wav */; };
		1B18B8E92BED612B0056EC58 /* RowSolt.swift in Sources */ = {isa = PBXBuildFile; fileRef = 1B18B8E82BED612B0056EC58 /* RowSolt.swift */; };
/* End PBXBuildFile section */

/* Begin PBXFileReference section */
		1B18B8C82BED5BD10056EC58 /* MilestoneProject-Day66.app */ = {isa = PBXFileReference; explicitFileType = wrapper.application; includeInIndex = 0; path = "MilestoneProject-Day66.app"; sourceTree = BUILT_PRODUCTS_DIR; };
		1B18B8CB2BED5BD10056EC58 /* AppDelegate.swift */ = {isa = PBXFileReference; lastKnownFileType = sourcecode.swift; path = AppDelegate.swift; sourceTree = "<group>"; };
		1B18B8CD2BED5BD10056EC58 /* GameScene.sks */ = {isa = PBXFileReference; lastKnownFileType = file.sks; path = GameScene.sks; sourceTree = "<group>"; };
		1B18B8D12BED5BD10056EC58 /* GameScene.swift */ = {isa = PBXFileReference; lastKnownFileType = sourcecode.swift; path = GameScene.swift; sourceTree = "<group>"; };
		1B18B8D32BED5BD10056EC58 /* GameViewController.swift */ = {isa = PBXFileReference; lastKnownFileType = sourcecode.swift; path = GameViewController.swift; sourceTree = "<group>"; };
		1B18B8D62BED5BD10056EC58 /* Base */ = {isa = PBXFileReference; lastKnownFileType = file.storyboard; name = Base; path = Base.lproj/Main.storyboard; sourceTree = "<group>"; };
		1B18B8D82BED5BD20056EC58 /* Assets.xcassets */ = {isa = PBXFileReference; lastKnownFileType = folder.assetcatalog; path = Assets.xcassets; sourceTree = "<group>"; };
		1B18B8DB2BED5BD20056EC58 /* Base */ = {isa = PBXFileReference; lastKnownFileType = file.storyboard; name = Base; path = Base.lproj/LaunchScreen.storyboard; sourceTree = "<group>"; };
		1B18B8E22BED5CB60056EC58 /* shot.wav */ = {isa = PBXFileReference; lastKnownFileType = audio.wav; path = shot.wav; sourceTree = "<group>"; };
		1B18B8E42BED5CC40056EC58 /* empty.wav */ = {isa = PBXFileReference; lastKnownFileType = audio.wav; path = empty.wav; sourceTree = "<group>"; };
		1B18B8E62BED5CC90056EC58 /* reload.wav */ = {isa = PBXFileReference; lastKnownFileType = audio.wav; path = reload.wav; sourceTree = "<group>"; };
		1B18B8E82BED612B0056EC58 /* RowSolt.swift */ = {isa = PBXFileReference; lastKnownFileType = sourcecode.swift; path = RowSolt.swift; sourceTree = "<group>"; };
/* End PBXFileReference section */

/* Begin PBXFrameworksBuildPhase section */
		1B18B8C52BED5BD10056EC58 /* Frameworks */ = {
			isa = PBXFrameworksBuildPhase;
			buildActionMask = 2147483647;
			files = (
			);
			runOnlyForDeploymentPostprocessing = 0;
		};
/* End PBXFrameworksBuildPhase section */

/* Begin PBXGroup section */
		1B18B8BF2BED5BD10056EC58 = {
			isa = PBXGroup;
			children = (
				1B18B8CA2BED5BD10056EC58 /* MilestoneProject-Day66 */,
				1B18B8C92BED5BD10056EC58 /* Products */,
			);
			sourceTree = "<group>";
		};
		1B18B8C92BED5BD10056EC58 /* Products */ = {
			isa = PBXGroup;
			children = (
				1B18B8C82BED5BD10056EC58 /* MilestoneProject-Day66.app */,
			);
			name = Products;
			sourceTree = "<group>";
		};
		1B18B8CA2BED5BD10056EC58 /* MilestoneProject-Day66 */ = {
			isa = PBXGroup;
			children = (
				1B18B8CB2BED5BD10056EC58 /* AppDelegate.swift */,
				1B18B8CD2BED5BD10056EC58 /* GameScene.sks */,
				1B18B8D12BED5BD10056EC58 /* GameScene.swift */,
				1B18B8E82BED612B0056EC58 /* RowSolt.swift */,
				1B18B8D32BED5BD10056EC58 /* GameViewController.swift */,
				1B18B8D52BED5BD10056EC58 /* Main.storyboard */,
				1B18B8D82BED5BD20056EC58 /* Assets.xcassets */,
				1B18B8DA2BED5BD20056EC58 /* LaunchScreen.storyboard */,
				1B18B8E22BED5CB60056EC58 /* shot.wav */,
				1B18B8E42BED5CC40056EC58 /* empty.wav */,
				1B18B8E62BED5CC90056EC58 /* reload.wav */,
			);
			path = "MilestoneProject-Day66";
			sourceTree = "<group>";
		};
/* End PBXGroup section */

/* Begin PBXNativeTarget section */
		1B18B8C72BED5BD10056EC58 /* MilestoneProject-Day66 */ = {
			isa = PBXNativeTarget;
			buildConfigurationList = 1B18B8DF2BED5BD20056EC58 /* Build configuration list for PBXNativeTarget "MilestoneProject-Day66" */;
			buildPhases = (
				1B18B8C42BED5BD10056EC58 /* Sources */,
				1B18B8C52BED5BD10056EC58 /* Frameworks */,
				1B18B8C62BED5BD10056EC58 /* Resources */,
			);
			buildRules = (
			);
			dependencies = (
			);
			name = "MilestoneProject-Day66";
			productName = "MilestoneProject-Day66";
			productReference = 1B18B8C82BED5BD10056EC58 /* MilestoneProject-Day66.app */;
			productType = "com.apple.product-type.application";
		};
/* End PBXNativeTarget section */

/* Begin PBXProject section */
		1B18B8C02BED5BD10056EC58 /* Project object */ = {
			isa = PBXProject;
			attributes = {
				BuildIndependentTargetsInParallel = 1;
				LastSwiftUpdateCheck = 1500;
				LastUpgradeCheck = 1500;
				TargetAttributes = {
					1B18B8C72BED5BD10056EC58 = {
						CreatedOnToolsVersion = 15.0.1;
					};
				};
			};
			buildConfigurationList = 1B18B8C32BED5BD10056EC58 /* Build configuration list for PBXProject "MilestoneProject-Day66" */;
			compatibilityVersion = "Xcode 14.0";
			developmentRegion = en;
			hasScannedForEncodings = 0;
			knownRegions = (
				en,
				Base,
			);
			mainGroup = 1B18B8BF2BED5BD10056EC58;
			productRefGroup = 1B18B8C92BED5BD10056EC58 /* Products */;
			projectDirPath = "";
			projectRoot = "";
			targets = (
				1B18B8C72BED5BD10056EC58 /* MilestoneProject-Day66 */,
			);
		};
/* End PBXProject section */

/* Begin PBXResourcesBuildPhase section */
		1B18B8C62BED5BD10056EC58 /* Resources */ = {
			isa = PBXResourcesBuildPhase;
			buildActionMask = 2147483647;
			files = (
				1B18B8E32BED5CB60056EC58 /* shot.wav in Resources */,
				1B18B8D72BED5BD10056EC58 /* Main.storyboard in Resources */,
				1B18B8E52BED5CC40056EC58 /* empty.wav in Resources */,
				1B18B8E72BED5CC90056EC58 /* reload.wav in Resources */,
				1B18B8CE2BED5BD10056EC58 /* GameScene.sks in Resources */,
				1B18B8D92BED5BD20056EC58 /* Assets.xcassets in Resources */,
				1B18B8DC2BED5BD20056EC58 /* LaunchScreen.storyboard in Resources */,
			);
			runOnlyForDeploymentPostprocessing = 0;
		};
/* End PBXResourcesBuildPhase section */

/* Begin PBXSourcesBuildPhase section */
		1B18B8C42BED5BD10056EC58 /* Sources */ = {
			isa = PBXSourcesBuildPhase;
			buildActionMask = 2147483647;
			files = (
				1B18B8D22BED5BD10056EC58 /* GameScene.swift in Sources */,
				1B18B8D42BED5BD10056EC58 /* GameViewController.swift in Sources */,
				1B18B8E92BED612B0056EC58 /* RowSolt.swift in Sources */,
				1B18B8CC2BED5BD10056EC58 /* AppDelegate.swift in Sources */,
			);
			runOnlyForDeploymentPostprocessing = 0;
		};
/* End PBXSourcesBuildPhase section */

/* Begin PBXVariantGroup section */
		1B18B8D52BED5BD10056EC58 /* Main.storyboard */ = {
			isa = PBXVariantGroup;
			children = (
				1B18B8D62BED5BD10056EC58 /* Base */,
			);
			name = Main.storyboard;
			sourceTree = "<group>";
		};
		1B18B8DA2BED5BD20056EC58 /* LaunchScreen.storyboard */ = {
			isa = PBXVariantGroup;
			children = (
				1B18B8DB2BED5BD20056EC58 /* Base */,
			);
			name = LaunchScreen.storyboard;
			sourceTree = "<group>";
		};
/* End PBXVariantGroup section */

/* Begin XCBuildConfiguration section */
		1B18B8DD2BED5BD20056EC58 /* Debug */ = {
			isa = XCBuildConfiguration;
			buildSettings = {
				ALWAYS_SEARCH_USER_PATHS = NO;
				ASSETCATALOG_COMPILER_GENERATE_SWIFT_ASSET_SYMBOL_EXTENSIONS = YES;
				CLANG_ANALYZER_NONNULL = YES;
				CLANG_ANALYZER_NUMBER_OBJECT_CONVERSION = YES_AGGRESSIVE;
				CLANG_CXX_LANGUAGE_STANDARD = "gnu++20";
				CLANG_ENABLE_MODULES = YES;
				CLANG_ENABLE_OBJC_ARC = YES;
				CLANG_ENABLE_OBJC_WEAK = YES;
				CLANG_WARN_BLOCK_CAPTURE_AUTORELEASING = YES;
				CLANG_WARN_BOOL_CONVERSION = YES;
				CLANG_WARN_COMMA = YES;
				CLANG_WARN_CONSTANT_CONVERSION = YES;
				CLANG_WARN_DEPRECATED_OBJC_IMPLEMENTATIONS = YES;
				CLANG_WARN_DIRECT_OBJC_ISA_USAGE = YES_ERROR;
				CLANG_WARN_DOCUMENTATION_COMMENTS = YES;
				CLANG_WARN_EMPTY_BODY = YES;
				CLANG_WARN_ENUM_CONVERSION = YES;
				CLANG_WARN_INFINITE_RECURSION = YES;
				CLANG_WARN_INT_CONVERSION = YES;
				CLANG_WARN_NON_LITERAL_NULL_CONVERSION = YES;
				CLANG_WARN_OBJC_IMPLICIT_RETAIN_SELF = YES;
				CLANG_WARN_OBJC_LITERAL_CONVERSION = YES;
				CLANG_WARN_OBJC_ROOT_CLASS = YES_ERROR;
				CLANG_WARN_QUOTED_INCLUDE_IN_FRAMEWORK_HEADER = YES;
				CLANG_WARN_RANGE_LOOP_ANALYSIS = YES;
				CLANG_WARN_STRICT_PROTOTYPES = YES;
				CLANG_WARN_SUSPICIOUS_MOVE = YES;
				CLANG_WARN_UNGUARDED_AVAILABILITY = YES_AGGRESSIVE;
				CLANG_WARN_UNREACHABLE_CODE = YES;
				CLANG_WARN__DUPLICATE_METHOD_MATCH = YES;
				COPY_PHASE_STRIP = NO;
				DEBUG_INFORMATION_FORMAT = dwarf;
				ENABLE_STRICT_OBJC_MSGSEND = YES;
				ENABLE_TESTABILITY = YES;
				ENABLE_USER_SCRIPT_SANDBOXING = YES;
				GCC_C_LANGUAGE_STANDARD = gnu17;
				GCC_DYNAMIC_NO_PIC = NO;
				GCC_NO_COMMON_BLOCKS = YES;
				GCC_OPTIMIZATION_LEVEL = 0;
				GCC_PREPROCESSOR_DEFINITIONS = (
					"DEBUG=1",
					"$(inherited)",
				);
				GCC_WARN_64_TO_32_BIT_CONVERSION = YES;
				GCC_WARN_ABOUT_RETURN_TYPE = YES_ERROR;
				GCC_WARN_UNDECLARED_SELECTOR = YES;
				GCC_WARN_UNINITIALIZED_AUTOS = YES_AGGRESSIVE;
				GCC_WARN_UNUSED_FUNCTION = YES;
				GCC_WARN_UNUSED_VARIABLE = YES;
				IPHONEOS_DEPLOYMENT_TARGET = 17.0;
				LOCALIZATION_PREFERS_STRING_CATALOGS = YES;
				MTL_ENABLE_DEBUG_INFO = INCLUDE_SOURCE;
				MTL_FAST_MATH = YES;
				ONLY_ACTIVE_ARCH = YES;
				SDKROOT = iphoneos;
				SWIFT_ACTIVE_COMPILATION_CONDITIONS = "DEBUG $(inherited)";
				SWIFT_OPTIMIZATION_LEVEL = "-Onone";
			};
			name = Debug;
		};
		1B18B8DE2BED5BD20056EC58 /* Release */ = {
			isa = XCBuildConfiguration;
			buildSettings = {
				ALWAYS_SEARCH_USER_PATHS = NO;
				ASSETCATALOG_COMPILER_GENERATE_SWIFT_ASSET_SYMBOL_EXTENSIONS = YES;
				CLANG_ANALYZER_NONNULL = YES;
				CLANG_ANALYZER_NUMBER_OBJECT_CONVERSION = YES_AGGRESSIVE;
				CLANG_CXX_LANGUAGE_STANDARD = "gnu++20";
				CLANG_ENABLE_MODULES = YES;
				CLANG_ENABLE_OBJC_ARC = YES;
				CLANG_ENABLE_OBJC_WEAK = YES;
				CLANG_WARN_BLOCK_CAPTURE_AUTORELEASING = YES;
				CLANG_WARN_BOOL_CONVERSION = YES;
				CLANG_WARN_COMMA = YES;
				CLANG_WARN_CONSTANT_CONVERSION = YES;
				CLANG_WARN_DEPRECATED_OBJC_IMPLEMENTATIONS = YES;
				CLANG_WARN_DIRECT_OBJC_ISA_USAGE = YES_ERROR;
				CLANG_WARN_DOCUMENTATION_COMMENTS = YES;
				CLANG_WARN_EMPTY_BODY = YES;
				CLANG_WARN_ENUM_CONVERSION = YES;
				CLANG_WARN_INFINITE_RECURSION = YES;
				CLANG_WARN_INT_CONVERSION = YES;
				CLANG_WARN_NON_LITERAL_NULL_CONVERSION = YES;
				CLANG_WARN_OBJC_IMPLICIT_RETAIN_SELF = YES;
				CLANG_WARN_OBJC_LITERAL_CONVERSION = YES;
				CLANG_WARN_OBJC_ROOT_CLASS = YES_ERROR;
				CLANG_WARN_QUOTED_INCLUDE_IN_FRAMEWORK_HEADER = YES;
				CLANG_WARN_RANGE_LOOP_ANALYSIS = YES;
				CLANG_WARN_STRICT_PROTOTYPES = YES;
				CLANG_WARN_SUSPICIOUS_MOVE = YES;
				CLANG_WARN_UNGUARDED_AVAILABILITY = YES_AGGRESSIVE;
				CLANG_WARN_UNREACHABLE_CODE = YES;
				CLANG_WARN__DUPLICATE_METHOD_MATCH = YES;
				COPY_PHASE_STRIP = NO;
				DEBUG_INFORMATION_FORMAT = "dwarf-with-dsym";
				ENABLE_NS_ASSERTIONS = NO;
				ENABLE_STRICT_OBJC_MSGSEND = YES;
				ENABLE_USER_SCRIPT_SANDBOXING = YES;
				GCC_C_LANGUAGE_STANDARD = gnu17;
				GCC_NO_COMMON_BLOCKS = YES;
				GCC_WARN_64_TO_32_BIT_CONVERSION = YES;
				GCC_WARN_ABOUT_RETURN_TYPE = YES_ERROR;
				GCC_WARN_UNDECLARED_SELECTOR = YES;
				GCC_WARN_UNINITIALIZED_AUTOS = YES_AGGRESSIVE;
				GCC_WARN_UNUSED_FUNCTION = YES;
				GCC_WARN_UNUSED_VARIABLE = YES;
				IPHONEOS_DEPLOYMENT_TARGET = 17.0;
				LOCALIZATION_PREFERS_STRING_CATALOGS = YES;
				MTL_ENABLE_DEBUG_INFO = NO;
				MTL_FAST_MATH = YES;
				SDKROOT = iphoneos;
				SWIFT_COMPILATION_MODE = wholemodule;
				VALIDATE_PRODUCT = YES;
			};
			name = Release;
		};
		1B18B8E02BED5BD20056EC58 /* Debug */ = {
			isa = XCBuildConfiguration;
			buildSettings = {
				ASSETCATALOG_COMPILER_APPICON_NAME = AppIcon;
				ASSETCATALOG_COMPILER_GLOBAL_ACCENT_COLOR_NAME = AccentColor;
				CODE_SIGN_STYLE = Automatic;
				CURRENT_PROJECT_VERSION = 1;
				GENERATE_INFOPLIST_FILE = YES;
				INFOPLIST_KEY_UIApplicationSupportsIndirectInputEvents = YES;
				INFOPLIST_KEY_UILaunchStoryboardName = LaunchScreen;
				INFOPLIST_KEY_UIMainStoryboardFile = Main;
				INFOPLIST_KEY_UIStatusBarHidden = YES;
				INFOPLIST_KEY_UISupportedInterfaceOrientations = "UIInterfaceOrientationLandscapeLeft UIInterfaceOrientationLandscapeRight UIInterfaceOrientationPortrait";
				INFOPLIST_KEY_UISupportedInterfaceOrientations_iPad = "UIInterfaceOrientationLandscapeLeft UIInterfaceOrientationLandscapeRight";
				LD_RUNPATH_SEARCH_PATHS = (
					"$(inherited)",
					"@executable_path/Frameworks",
				);
				MARKETING_VERSION = 1.0;
				PRODUCT_BUNDLE_IDENTIFIER = "-00-Days-of-Swift.MilestoneProject-Day66";
				PRODUCT_NAME = "$(TARGET_NAME)";
				SUPPORTED_PLATFORMS = "iphoneos iphonesimulator";
				SUPPORTS_MACCATALYST = NO;
				SUPPORTS_MAC_DESIGNED_FOR_IPHONE_IPAD = NO;
				SWIFT_EMIT_LOC_STRINGS = YES;
				SWIFT_VERSION = 5.0;
				TARGETED_DEVICE_FAMILY = 2;
			};
			name = Debug;
		};
		1B18B8E12BED5BD20056EC58 /* Release */ = {
			isa = XCBuildConfiguration;
			buildSettings = {
				ASSETCATALOG_COMPILER_APPICON_NAME = AppIcon;
				ASSETCATALOG_COMPILER_GLOBAL_ACCENT_COLOR_NAME = AccentColor;
				CODE_SIGN_STYLE = Automatic;
				CURRENT_PROJECT_VERSION = 1;
				GENERATE_INFOPLIST_FILE = YES;
				INFOPLIST_KEY_UIApplicationSupportsIndirectInputEvents = YES;
				INFOPLIST_KEY_UILaunchStoryboardName = LaunchScreen;
				INFOPLIST_KEY_UIMainStoryboardFile = Main;
				INFOPLIST_KEY_UIStatusBarHidden = YES;
				INFOPLIST_KEY_UISupportedInterfaceOrientations = "UIInterfaceOrientationLandscapeLeft UIInterfaceOrientationLandscapeRight UIInterfaceOrientationPortrait";
				INFOPLIST_KEY_UISupportedInterfaceOrientations_iPad = "UIInterfaceOrientationLandscapeLeft UIInterfaceOrientationLandscapeRight";
				LD_RUNPATH_SEARCH_PATHS = (
					"$(inherited)",
					"@executable_path/Frameworks",
				);
				MARKETING_VERSION = 1.0;
				PRODUCT_BUNDLE_IDENTIFIER = "-00-Days-of-Swift.MilestoneProject-Day66";
				PRODUCT_NAME = "$(TARGET_NAME)";
				SUPPORTED_PLATFORMS = "iphoneos iphonesimulator";
				SUPPORTS_MACCATALYST = NO;
				SUPPORTS_MAC_DESIGNED_FOR_IPHONE_IPAD = NO;
				SWIFT_EMIT_LOC_STRINGS = YES;
				SWIFT_VERSION = 5.0;
				TARGETED_DEVICE_FAMILY = 2;
			};
			name = Release;
		};
/* End XCBuildConfiguration section */

/* Begin XCConfigurationList section */
		1B18B8C32BED5BD10056EC58 /* Build configuration list for PBXProject "MilestoneProject-Day66" */ = {
			isa = XCConfigurationList;
			buildConfigurations = (
				1B18B8DD2BED5BD20056EC58 /* Debug */,
				1B18B8DE2BED5BD20056EC58 /* Release */,
			);
			defaultConfigurationIsVisible = 0;
			defaultConfigurationName = Release;
		};
		1B18B8DF2BED5BD20056EC58 /* Build configuration list for PBXNativeTarget "MilestoneProject-Day66" */ = {
			isa = XCConfigurationList;
			buildConfigurations = (
				1B18B8E02BED5BD20056EC58 /* Debug */,
				1B18B8E12BED5BD20056EC58 /* Release */,
			);
			defaultConfigurationIsVisible = 0;
			defaultConfigurationName = Release;
		};
/* End XCConfigurationList section */
	};
	rootObject = 1B18B8C02BED5BD10056EC58 /* Project object */;
}
